
Microsoft Visual Studio Solution File, Format Version 12.00
# Visual Studio Version 17
VisualStudioVersion = 17.12.35527.113
MinimumVisualStudioVersion = 10.0.40219.1
Project("{FAE04EC0-301F-11D3-BF4B-00C04F79EFBC}") = "SalesDatePrediction.Infraestruture", "SalesDatePrediction.Infraestruture.csproj", "{76E3354B-432D-4E9F-850C-B6F8DDEB91CA}"
EndProject
Project("{FAE04EC0-301F-11D3-BF4B-00C04F79EFBC}") = "SalesDatePrediction.Aplication", "..\SalesDateProduction.Aplication\SalesDatePrediction.Aplication.csproj", "{D9FB2C0E-06F6-4544-B58F-789DABBED544}"
EndProject
Project("{FAE04EC0-301F-11D3-BF4B-00C04F79EFBC}") = "SalesDatePrediction.Domain", "..\SalesDatePrediction.Domain\SalesDatePrediction.Domain.csproj", "{92D26F0C-2A2E-4F3B-A194-BBBAF14234BC}"
EndProject
Project("{FAE04EC0-301F-11D3-BF4B-00C04F79EFBC}") = "SalesDatePrediction.Tests", "..\SalesDatePredictionAPITests\SalesDatePrediction.Tests.csproj", "{7B21C3EA-535E-4D8A-BF2D-4AA697AD7AA3}"
EndProject
Global
	GlobalSection(SolutionConfigurationPlatforms) = preSolution
		Debug|Any CPU = Debug|Any CPU
		Release|Any CPU = Release|Any CPU
	EndGlobalSection
	GlobalSection(ProjectConfigurationPlatforms) = postSolution
		{76E3354B-432D-4E9F-850C-B6F8DDEB91CA}.Debug|Any CPU.ActiveCfg = Debug|Any CPU
		{76E3354B-432D-4E9F-850C-B6F8DDEB91CA}.Debug|Any CPU.Build.0 = Debug|Any CPU
		{76E3354B-432D-4E9F-850C-B6F8DDEB91CA}.Release|Any CPU.ActiveCfg = Release|Any CPU
		{76E3354B-432D-4E9F-850C-B6F8DDEB91CA}.Release|Any CPU.Build.0 = Release|Any CPU
		{D9FB2C0E-06F6-4544-B58F-789DABBED544}.Debug|Any CPU.ActiveCfg = Debug|Any CPU
		{D9FB2C0E-06F6-4544-B58F-789DABBED544}.Debug|Any CPU.Build.0 = Debug|Any CPU
		{D9FB2C0E-06F6-4544-B58F-789DABBED544}.Release|Any CPU.ActiveCfg = Release|Any CPU
		{D9FB2C0E-06F6-4544-B58F-789DABBED544}.Release|Any CPU.Build.0 = Release|Any CPU
		{92D26F0C-2A2E-4F3B-A194-BBBAF14234BC}.Debug|Any CPU.ActiveCfg = Debug|Any CPU
		{92D26F0C-2A2E-4F3B-A194-BBBAF14234BC}.Debug|Any CPU.Build.0 = Debug|Any CPU
		{92D26F0C-2A2E-4F3B-A194-BBBAF14234BC}.Release|Any CPU.ActiveCfg = Release|Any CPU
		{92D26F0C-2A2E-4F3B-A194-BBBAF14234BC}.Release|Any CPU.Build.0 = Release|Any CPU
		{7B21C3EA-535E-4D8A-BF2D-4AA697AD7AA3}.Debug|Any CPU.ActiveCfg = Debug|Any CPU
		{7B21C3EA-535E-4D8A-BF2D-4AA697AD7AA3}.Debug|Any CPU.Build.0 = Debug|Any CPU
		{7B21C3EA-535E-4D8A-BF2D-4AA697AD7AA3}.Release|Any CPU.ActiveCfg = Release|Any CPU
		{7B21C3EA-535E-4D8A-BF2D-4AA697AD7AA3}.Release|Any CPU.Build.0 = Release|Any CPU
	EndGlobalSection
	GlobalSection(SolutionProperties) = preSolution
		HideSolutionNode = FALSE
	EndGlobalSection
EndGlobal
